{
  "name": "data",
  "lockfileVersion": 2,
  "requires": true,
  "packages": {
    "": {
      "dependencies": {
        "fasta2json": "^0.1.1"
      }
    },
    "node_modules/fasta2json": {
      "version": "0.1.1",
      "resolved": "https://registry.npmjs.org/fasta2json/-/fasta2json-0.1.1.tgz",
      "integrity": "sha1-iqRnw4JgjuYeWz+xR2ACa1rtCuM="
    }
  },
  "dependencies": {
    "fasta2json": {
      "version": "0.1.1",
      "resolved": "https://registry.npmjs.org/fasta2json/-/fasta2json-0.1.1.tgz",
      "integrity": "sha1-iqRnw4JgjuYeWz+xR2ACa1rtCuM="
    }
  }
}
